
Microsoft Visual Studio Solution File, Format Version 12.00
# Visual Studio Version 17
VisualStudioVersion = 17.7.34202.233
MinimumVisualStudioVersion = 10.0.40219.1
Project("{FAE04EC0-301F-11D3-BF4B-00C04F79EFBC}") = "SunshinePinPairServices", "SunshinePinPairServices\SunshinePinPairServices.csproj", "{9A601DF7-444A-4E5D-AA04-7A861F8A6943}"
EndProject
Global
	GlobalSection(SolutionConfigurationPlatforms) = preSolution
		Debug|Any CPU = Debug|Any CPU
		Release|Any CPU = Release|Any CPU
	EndGlobalSection
	GlobalSection(ProjectConfigurationPlatforms) = postSolution
		{9A601DF7-444A-4E5D-AA04-7A861F8A6943}.Debug|Any CPU.ActiveCfg = Debug|Any CPU
		{9A601DF7-444A-4E5D-AA04-7A861F8A6943}.Debug|Any CPU.Build.0 = Debug|Any CPU
		{9A601DF7-444A-4E5D-AA04-7A861F8A6943}.Release|Any CPU.ActiveCfg = Release|Any CPU
		{9A601DF7-444A-4E5D-AA04-7A861F8A6943}.Release|Any CPU.Build.0 = Release|Any CPU
	EndGlobalSection
	GlobalSection(SolutionProperties) = preSolution
		HideSolutionNode = FALSE
	EndGlobalSection
	GlobalSection(ExtensibilityGlobals) = postSolution
		SolutionGuid = {129CECD8-1CE3-4146-B974-12213C8F9ABB}
	EndGlobalSection
EndGlobal
